
Microsoft Visual Studio Solution File, Format Version 12.00
# Visual Studio Version 16
VisualStudioVersion = 16.0.30320.27
MinimumVisualStudioVersion = 10.0.40219.1
Project("{FAE04EC0-301F-11D3-BF4B-00C04F79EFBC}") = "WalkaboutProj", "WalkaboutProj\WalkaboutProj.csproj", "{DADEF42E-2427-41E7-80D7-EE9D0D366717}"
EndProject
Global
	GlobalSection(SolutionConfigurationPlatforms) = preSolution
		Debug|Any CPU = Debug|Any CPU
		Release|Any CPU = Release|Any CPU
	EndGlobalSection
	GlobalSection(ProjectConfigurationPlatforms) = postSolution
		{DADEF42E-2427-41E7-80D7-EE9D0D366717}.Debug|Any CPU.ActiveCfg = Debug|Any CPU
		{DADEF42E-2427-41E7-80D7-EE9D0D366717}.Debug|Any CPU.Build.0 = Debug|Any CPU
		{DADEF42E-2427-41E7-80D7-EE9D0D366717}.Release|Any CPU.ActiveCfg = Release|Any CPU
		{DADEF42E-2427-41E7-80D7-EE9D0D366717}.Release|Any CPU.Build.0 = Release|Any CPU
	EndGlobalSection
	GlobalSection(SolutionProperties) = preSolution
		HideSolutionNode = FALSE
	EndGlobalSection
	GlobalSection(ExtensibilityGlobals) = postSolution
		SolutionGuid = {5FB4E77D-F9D0-469F-A808-7E49EAADDABC}
	EndGlobalSection
EndGlobal
